# This file was autogenerated by uv via the following command:
#    uv pip compile pyproject.toml -o uv.lock
annotated-types==0.7.0
    # via pydantic
asttokens==3.0.0
    # via stack-data
certifi==2025.1.31
    # via requests
charset-normalizer==3.4.1
    # via requests
decorator==5.2.1
    # via ipython
elevenlabs==0.2.27
    # via voiceprocessingtoolkit (pyproject.toml)
executing==2.2.0
    # via stack-data
idna==3.10
    # via requests
ipython==9.0.0
    # via elevenlabs
ipython-pygments-lexers==1.1.1
    # via ipython
jedi==0.19.2
    # via ipython
matplotlib-inline==0.1.7
    # via ipython
numpy==1.26.4
    # via voiceprocessingtoolkit (pyproject.toml)
parso==0.8.4
    # via jedi
pexpect==4.9.0
    # via ipython
prompt-toolkit==3.0.50
    # via ipython
ptyprocess==0.7.0
    # via pexpect
pure-eval==0.2.3
    # via stack-data
pvcobra==2.0.5
    # via voiceprocessingtoolkit (pyproject.toml)
pvkoala==2.0.4
    # via voiceprocessingtoolkit (pyproject.toml)
pvporcupine==3.0.5
    # via voiceprocessingtoolkit (pyproject.toml)
pyaudio==0.2.14
    # via voiceprocessingtoolkit (pyproject.toml)
pydantic==2.10.6
    # via elevenlabs
pydantic-core==2.27.2
    # via pydantic
pygame==2.5.2
    # via voiceprocessingtoolkit (pyproject.toml)
pygments==2.19.1
    # via
    #   ipython
    #   ipython-pygments-lexers
python-dotenv==1.0.1
    # via voiceprocessingtoolkit (pyproject.toml)
requests==2.31.0
    # via
    #   voiceprocessingtoolkit (pyproject.toml)
    #   elevenlabs
stack-data==0.6.3
    # via ipython
traitlets==5.14.3
    # via
    #   ipython
    #   matplotlib-inline
typing-extensions==4.12.2
    # via
    #   ipython
    #   pydantic
    #   pydantic-core
urllib3==2.3.0
    # via requests
wcwidth==0.2.13
    # via prompt-toolkit
websockets==15.0
    # via elevenlabs
